
Microsoft Visual Studio Solution File, Format Version 12.00
# Visual Studio Version 17
VisualStudioVersion = 17.3.32804.467
MinimumVisualStudioVersion = 10.0.40219.1
Project("{FAE04EC0-301F-11D3-BF4B-00C04F79EFBC}") = "TESTE", "TESTE.csproj", "{3B2BE8D7-2BB5-4607-B240-3ACBFD252A15}"
EndProject
Global
	GlobalSection(SolutionConfigurationPlatforms) = preSolution
		Debug|Any CPU = Debug|Any CPU
		Release|Any CPU = Release|Any CPU
	EndGlobalSection
	GlobalSection(ProjectConfigurationPlatforms) = postSolution
		{3B2BE8D7-2BB5-4607-B240-3ACBFD252A15}.Debug|Any CPU.ActiveCfg = Debug|Any CPU
		{3B2BE8D7-2BB5-4607-B240-3ACBFD252A15}.Debug|Any CPU.Build.0 = Debug|Any CPU
		{3B2BE8D7-2BB5-4607-B240-3ACBFD252A15}.Release|Any CPU.ActiveCfg = Release|Any CPU
		{3B2BE8D7-2BB5-4607-B240-3ACBFD252A15}.Release|Any CPU.Build.0 = Release|Any CPU
	EndGlobalSection
	GlobalSection(SolutionProperties) = preSolution
		HideSolutionNode = FALSE
	EndGlobalSection
	GlobalSection(ExtensibilityGlobals) = postSolution
		SolutionGuid = {7E5C2BEF-D26C-4B76-9125-42D81C24DF17}
	EndGlobalSection
EndGlobal
